
Microsoft Visual Studio Solution File, Format Version 12.00
# Visual Studio 14
VisualStudioVersion = 14.0.25420.1
MinimumVisualStudioVersion = 10.0.40219.1
Project("{FAE04EC0-301F-11D3-BF4B-00C04F79EFBC}") = "Tabla_Multiplicar", "Tabla_Multiplicar\Tabla_Multiplicar.csproj", "{C5CCDDF5-382C-4C36-A681-C32E39037ED0}"
EndProject
Project("{FAE04EC0-301F-11D3-BF4B-00C04F79EFBC}") = "Elevar_Numero", "Elevar_Numero\Elevar_Numero.csproj", "{189B7618-DFAA-4A9E-AA1E-5DFAF117A9DA}"
EndProject
Project("{FAE04EC0-301F-11D3-BF4B-00C04F79EFBC}") = "Numero_Al_1000", "Numero_Al_1000\Numero_Al_1000.csproj", "{4080F490-A804-4081-BA11-0B972F6C12CC}"
EndProject
Project("{FAE04EC0-301F-11D3-BF4B-00C04F79EFBC}") = "Edad_Prome", "Edad_Prome\Edad_Prome.csproj", "{1DF3CE89-CAD5-4CF7-A78F-58A80DC3B071}"
EndProject
Global
	GlobalSection(SolutionConfigurationPlatforms) = preSolution
		Debug|Any CPU = Debug|Any CPU
		Release|Any CPU = Release|Any CPU
	EndGlobalSection
	GlobalSection(ProjectConfigurationPlatforms) = postSolution
		{C5CCDDF5-382C-4C36-A681-C32E39037ED0}.Debug|Any CPU.ActiveCfg = Debug|Any CPU
		{C5CCDDF5-382C-4C36-A681-C32E39037ED0}.Debug|Any CPU.Build.0 = Debug|Any CPU
		{C5CCDDF5-382C-4C36-A681-C32E39037ED0}.Release|Any CPU.ActiveCfg = Release|Any CPU
		{C5CCDDF5-382C-4C36-A681-C32E39037ED0}.Release|Any CPU.Build.0 = Release|Any CPU
		{189B7618-DFAA-4A9E-AA1E-5DFAF117A9DA}.Debug|Any CPU.ActiveCfg = Debug|Any CPU
		{189B7618-DFAA-4A9E-AA1E-5DFAF117A9DA}.Debug|Any CPU.Build.0 = Debug|Any CPU
		{189B7618-DFAA-4A9E-AA1E-5DFAF117A9DA}.Release|Any CPU.ActiveCfg = Release|Any CPU
		{189B7618-DFAA-4A9E-AA1E-5DFAF117A9DA}.Release|Any CPU.Build.0 = Release|Any CPU
		{4080F490-A804-4081-BA11-0B972F6C12CC}.Debug|Any CPU.ActiveCfg = Debug|Any CPU
		{4080F490-A804-4081-BA11-0B972F6C12CC}.Debug|Any CPU.Build.0 = Debug|Any CPU
		{4080F490-A804-4081-BA11-0B972F6C12CC}.Release|Any CPU.ActiveCfg = Release|Any CPU
		{4080F490-A804-4081-BA11-0B972F6C12CC}.Release|Any CPU.Build.0 = Release|Any CPU
		{1DF3CE89-CAD5-4CF7-A78F-58A80DC3B071}.Debug|Any CPU.ActiveCfg = Debug|Any CPU
		{1DF3CE89-CAD5-4CF7-A78F-58A80DC3B071}.Debug|Any CPU.Build.0 = Debug|Any CPU
		{1DF3CE89-CAD5-4CF7-A78F-58A80DC3B071}.Release|Any CPU.ActiveCfg = Release|Any CPU
		{1DF3CE89-CAD5-4CF7-A78F-58A80DC3B071}.Release|Any CPU.Build.0 = Release|Any CPU
	EndGlobalSection
	GlobalSection(SolutionProperties) = preSolution
		HideSolutionNode = FALSE
	EndGlobalSection
EndGlobal
